
Microsoft Visual Studio Solution File, Format Version 12.00
# Visual Studio Version 16
VisualStudioVersion = 16.0.29209.62
MinimumVisualStudioVersion = 10.0.40219.1
Project("{888888A0-9F3D-457C-B088-3A5042F75D52}") = "AI_web", "AI_web\AI_web.pyproj", "{E38C2048-FE50-474C-BD6D-9FB4DD714FD1}"
EndProject
Project("{888888A0-9F3D-457C-B088-3A5042F75D52}") = "classification", "classification\classification.pyproj", "{2D9F0655-95C2-41D5-B454-D5CEE8157C19}"
EndProject
Global
	GlobalSection(SolutionConfigurationPlatforms) = preSolution
		Debug|Any CPU = Debug|Any CPU
		Release|Any CPU = Release|Any CPU
	EndGlobalSection
	GlobalSection(ProjectConfigurationPlatforms) = postSolution
		{E38C2048-FE50-474C-BD6D-9FB4DD714FD1}.Debug|Any CPU.ActiveCfg = Debug|Any CPU
		{E38C2048-FE50-474C-BD6D-9FB4DD714FD1}.Debug|Any CPU.Build.0 = Debug|Any CPU
		{E38C2048-FE50-474C-BD6D-9FB4DD714FD1}.Release|Any CPU.ActiveCfg = Release|Any CPU
		{E38C2048-FE50-474C-BD6D-9FB4DD714FD1}.Release|Any CPU.Build.0 = Release|Any CPU
		{2D9F0655-95C2-41D5-B454-D5CEE8157C19}.Debug|Any CPU.ActiveCfg = Debug|Any CPU
		{2D9F0655-95C2-41D5-B454-D5CEE8157C19}.Release|Any CPU.ActiveCfg = Release|Any CPU
	EndGlobalSection
	GlobalSection(SolutionProperties) = preSolution
		HideSolutionNode = FALSE
	EndGlobalSection
	GlobalSection(ExtensibilityGlobals) = postSolution
		SolutionGuid = {392D00B4-9296-4965-AA6D-EE526F3E8A43}
	EndGlobalSection
EndGlobal
